
Microsoft Visual Studio Solution File, Format Version 12.00
# Visual Studio Version 17
VisualStudioVersion = 17.5.33424.131
MinimumVisualStudioVersion = 10.0.40219.1
Project("{FAE04EC0-301F-11D3-BF4B-00C04F79EFBC}") = "Aula_250723", "Aula_250723\Aula_250723.csproj", "{02792417-3FDA-44A7-A355-248A6B37737B}"
EndProject
Project("{FAE04EC0-301F-11D3-BF4B-00C04F79EFBC}") = "Categoria", "Categoria\Categoria.csproj", "{BE574539-5839-4EB7-9338-C6F92E65A4B8}"
EndProject
Global
	GlobalSection(SolutionConfigurationPlatforms) = preSolution
		Debug|Any CPU = Debug|Any CPU
		Release|Any CPU = Release|Any CPU
	EndGlobalSection
	GlobalSection(ProjectConfigurationPlatforms) = postSolution
		{02792417-3FDA-44A7-A355-248A6B37737B}.Debug|Any CPU.ActiveCfg = Debug|Any CPU
		{02792417-3FDA-44A7-A355-248A6B37737B}.Debug|Any CPU.Build.0 = Debug|Any CPU
		{02792417-3FDA-44A7-A355-248A6B37737B}.Release|Any CPU.ActiveCfg = Release|Any CPU
		{02792417-3FDA-44A7-A355-248A6B37737B}.Release|Any CPU.Build.0 = Release|Any CPU
		{BE574539-5839-4EB7-9338-C6F92E65A4B8}.Debug|Any CPU.ActiveCfg = Debug|Any CPU
		{BE574539-5839-4EB7-9338-C6F92E65A4B8}.Debug|Any CPU.Build.0 = Debug|Any CPU
		{BE574539-5839-4EB7-9338-C6F92E65A4B8}.Release|Any CPU.ActiveCfg = Release|Any CPU
		{BE574539-5839-4EB7-9338-C6F92E65A4B8}.Release|Any CPU.Build.0 = Release|Any CPU
	EndGlobalSection
	GlobalSection(SolutionProperties) = preSolution
		HideSolutionNode = FALSE
	EndGlobalSection
	GlobalSection(ExtensibilityGlobals) = postSolution
		SolutionGuid = {4CAD501D-E062-4D43-A55D-568E75F9F42A}
	EndGlobalSection
EndGlobal
